Microsoft Visual Studio Solution File, Format Version 12.00
# Visual Studio Version 17
VisualStudioVersion = 17.2.32505.173
MinimumVisualStudioVersion = 10.0.40219.1
Project("{9A19103F-16F7-4668-BE54-9A1E7A4F7556}") = "ElvantoSync", "ElvantoSync\ElvantoSync.csproj", "{841B8FAD-CED9-427E-910E-AA0CCC90900B}"
EndProject
Project("{9A19103F-16F7-4668-BE54-9A1E7A4F7556}") = "KasApi", "KasApi\KasApi.csproj", "{70ADCDEA-2F27-4A06-9637-71D4D10BF067}"
EndProject
Project("{9A19103F-16F7-4668-BE54-9A1E7A4F7556}") = "Nextcloud", "Nextcloud\Nextcloud.csproj", "{5FE3E735-35F4-4031-B7B0-B3F55F38B8E5}"
EndProject
Project("{9A19103F-16F7-4668-BE54-9A1E7A4F7556}") = "Nextcloud.Tests", "Nextcloud.Tests\Nextcloud.Tests.csproj", "{8C329ED4-916B-491C-ABE0-63E0BF3DF2E9}"
EndProject
Project("{9A19103F-16F7-4668-BE54-9A1E7A4F7556}") = "ElvantoSync.Test", "ElvantoSync.Test\ElvantoSync.Test.csproj", "{BCDB9CDD-FE36-4216-93D3-1B3F41D4C872}"
EndProject
Project("{FAE04EC0-301F-11D3-BF4B-00C04F79EFBC}") = "ElvantoSync.Tests", "ElvantoSync.Tests\ElvantoSync.Tests.csproj", "{0BF03FB3-1833-4D91-939E-6EBACC899333}"
EndProject
Global
	GlobalSection(SolutionConfigurationPlatforms) = preSolution
		Debug|Any CPU = Debug|Any CPU
		Release|Any CPU = Release|Any CPU
	EndGlobalSection
	GlobalSection(ProjectConfigurationPlatforms) = postSolution
		{841B8FAD-CED9-427E-910E-AA0CCC90900B}.Debug|Any CPU.ActiveCfg = Debug|Any CPU
		{841B8FAD-CED9-427E-910E-AA0CCC90900B}.Debug|Any CPU.Build.0 = Debug|Any CPU
		{841B8FAD-CED9-427E-910E-AA0CCC90900B}.Release|Any CPU.ActiveCfg = Release|Any CPU
		{841B8FAD-CED9-427E-910E-AA0CCC90900B}.Release|Any CPU.Build.0 = Release|Any CPU
		{70ADCDEA-2F27-4A06-9637-71D4D10BF067}.Debug|Any CPU.ActiveCfg = Debug|Any CPU
		{70ADCDEA-2F27-4A06-9637-71D4D10BF067}.Debug|Any CPU.Build.0 = Debug|Any CPU
		{70ADCDEA-2F27-4A06-9637-71D4D10BF067}.Release|Any CPU.ActiveCfg = Release|Any CPU
		{70ADCDEA-2F27-4A06-9637-71D4D10BF067}.Release|Any CPU.Build.0 = Release|Any CPU
		{5FE3E735-35F4-4031-B7B0-B3F55F38B8E5}.Debug|Any CPU.ActiveCfg = Debug|Any CPU
		{5FE3E735-35F4-4031-B7B0-B3F55F38B8E5}.Debug|Any CPU.Build.0 = Debug|Any CPU
		{5FE3E735-35F4-4031-B7B0-B3F55F38B8E5}.Release|Any CPU.ActiveCfg = Release|Any CPU
		{5FE3E735-35F4-4031-B7B0-B3F55F38B8E5}.Release|Any CPU.Build.0 = Release|Any CPU
		{8C329ED4-916B-491C-ABE0-63E0BF3DF2E9}.Debug|Any CPU.ActiveCfg = Debug|Any CPU
		{8C329ED4-916B-491C-ABE0-63E0BF3DF2E9}.Debug|Any CPU.Build.0 = Debug|Any CPU
		{8C329ED4-916B-491C-ABE0-63E0BF3DF2E9}.Release|Any CPU.ActiveCfg = Release|Any CPU
		{8C329ED4-916B-491C-ABE0-63E0BF3DF2E9}.Release|Any CPU.Build.0 = Release|Any CPU
		{BCDB9CDD-FE36-4216-93D3-1B3F41D4C872}.Debug|Any CPU.ActiveCfg = Debug|Any CPU
		{BCDB9CDD-FE36-4216-93D3-1B3F41D4C872}.Debug|Any CPU.Build.0 = Debug|Any CPU
		{BCDB9CDD-FE36-4216-93D3-1B3F41D4C872}.Release|Any CPU.ActiveCfg = Release|Any CPU
		{BCDB9CDD-FE36-4216-93D3-1B3F41D4C872}.Release|Any CPU.Build.0 = Release|Any CPU
		{0BF03FB3-1833-4D91-939E-6EBACC899333}.Debug|Any CPU.ActiveCfg = Debug|Any CPU
		{0BF03FB3-1833-4D91-939E-6EBACC899333}.Debug|Any CPU.Build.0 = Debug|Any CPU
		{0BF03FB3-1833-4D91-939E-6EBACC899333}.Release|Any CPU.ActiveCfg = Release|Any CPU
		{0BF03FB3-1833-4D91-939E-6EBACC899333}.Release|Any CPU.Build.0 = Release|Any CPU
	EndGlobalSection
	GlobalSection(SolutionProperties) = preSolution
		HideSolutionNode = FALSE
	EndGlobalSection
	GlobalSection(ExtensibilityGlobals) = postSolution
		SolutionGuid = {0DAD641F-0197-4A9E-8E6C-241CB2F15D08}
	EndGlobalSection
EndGlobal
